// !$*UTF8*$!
{
	archiveVersion = 1;
	classes = {
	};
	objectVersion = 50;
	objects = {

/* Begin PBXBuildFile section */
		021125A624A22E3300B9F144 /* CounterApp.swift in Sources */ = {isa = PBXBuildFile; fileRef = 0211259324A22E3200B9F144 /* CounterApp.swift */; };
		021125A724A22E3300B9F144 /* CounterApp.swift in Sources */ = {isa = PBXBuildFile; fileRef = 0211259324A22E3200B9F144 /* CounterApp.swift */; };
		021125AA24A22E3300B9F144 /* Assets.xcassets in Resources */ = {isa = PBXBuildFile; fileRef = 0211259524A22E3300B9F144 /* Assets.xcassets */; };
		021125AB24A22E3300B9F144 /* Assets.xcassets in Resources */ = {isa = PBXBuildFile; fileRef = 0211259524A22E3300B9F144 /* Assets.xcassets */; };
		02441C8C24A236EF00C9C961 /* WidgetKit.framework in Frameworks */ = {isa = PBXBuildFile; fileRef = 02441C6F24A2350900C9C961 /* WidgetKit.framework */; };
		02441C8D24A236EF00C9C961 /* SwiftUI.framework in Frameworks */ = {isa = PBXBuildFile; fileRef = 02441C7124A2350900C9C961 /* SwiftUI.framework */; };
		02441C9224A236EF00C9C961 /* Assets.xcassets in Resources */ = {isa = PBXBuildFile; fileRef = 02441C9124A236EF00C9C961 /* Assets.xcassets */; };
		02441C9624A236EF00C9C961 /* iOS WidgetExtension.appex in Embed App Extensions */ = {isa = PBXBuildFile; fileRef = 02441C8B24A236EF00C9C961 /* iOS WidgetExtension.appex */; settings = {ATTRIBUTES = (RemoveHeadersOnCopy, ); }; };
		02441C9B24A2371200C9C961 /* iOS_Widget.swift in Sources */ = {isa = PBXBuildFile; fileRef = 02441C9A24A2371200C9C961 /* iOS_Widget.swift */; };
		02CD629725350A3200C0BFC2 /* CountText.swift in Sources */ = {isa = PBXBuildFile; fileRef = 02CD629625350A3200C0BFC2 /* CountText.swift */; };
		02CD629825350A3200C0BFC2 /* CountText.swift in Sources */ = {isa = PBXBuildFile; fileRef = 02CD629625350A3200C0BFC2 /* CountText.swift */; };
		02CD629925350A3200C0BFC2 /* CountText.swift in Sources */ = {isa = PBXBuildFile; fileRef = 02CD629625350A3200C0BFC2 /* CountText.swift */; };
		02CD629B25350AEF00C0BFC2 /* CountUpButton.swift in Sources */ = {isa = PBXBuildFile; fileRef = 02CD629A25350AEF00C0BFC2 /* CountUpButton.swift */; };
		02CD629C25350AEF00C0BFC2 /* CountUpButton.swift in Sources */ = {isa = PBXBuildFile; fileRef = 02CD629A25350AEF00C0BFC2 /* CountUpButton.swift */; };
		02CD629D25350AEF00C0BFC2 /* CountUpButton.swift in Sources */ = {isa = PBXBuildFile; fileRef = 02CD629A25350AEF00C0BFC2 /* CountUpButton.swift */; };
		02CD629F25350BBD00C0BFC2 /* CountDownButton.swift in Sources */ = {isa = PBXBuildFile; fileRef = 02CD629E25350BBD00C0BFC2 /* CountDownButton.swift */; };
		02CD62A025350BBD00C0BFC2 /* CountDownButton.swift in Sources */ = {isa = PBXBuildFile; fileRef = 02CD629E25350BBD00C0BFC2 /* CountDownButton.swift */; };
		02CD62A125350BBD00C0BFC2 /* CountDownButton.swift in Sources */ = {isa = PBXBuildFile; fileRef = 02CD629E25350BBD00C0BFC2 /* CountDownButton.swift */; };
		02EAF32B24A22EE400221975 /* CounterView.swift in Sources */ = {isa = PBXBuildFile; fileRef = 02EAF32A24A22EE400221975 /* CounterView.swift */; };
		02EAF32C24A22EE400221975 /* CounterView.swift in Sources */ = {isa = PBXBuildFile; fileRef = 02EAF32A24A22EE400221975 /* CounterView.swift */; };
/* End PBXBuildFile section */

/* Begin PBXContainerItemProxy section */
		02441C9424A236EF00C9C961 /* PBXContainerItemProxy */ = {
			isa = PBXContainerItemProxy;
			containerPortal = 0211258E24A22E3200B9F144 /* Project object */;
			proxyType = 1;
			remoteGlobalIDString = 02441C8A24A236EF00C9C961;
			remoteInfo = "iOS WidgetExtension";
		};
/* End PBXContainerItemProxy section */

/* Begin PBXCopyFilesBuildPhase section */
		02441C8224A2350B00C9C961 /* Embed App Extensions */ = {
			isa = PBXCopyFilesBuildPhase;
			buildActionMask = 2147483647;
			dstPath = "";
			dstSubfolderSpec = 13;
			files = (
				02441C9624A236EF00C9C961 /* iOS WidgetExtension.appex in Embed App Extensions */,
			);
			name = "Embed App Extensions";
			runOnlyForDeploymentPostprocessing = 0;
		};
/* End PBXCopyFilesBuildPhase section */

/* Begin PBXFileReference section */
		0211259324A22E3200B9F144 /* CounterApp.swift */ = {isa = PBXFileReference; lastKnownFileType = sourcecode.swift; path = CounterApp.swift; sourceTree = "<group>"; };
		0211259524A22E3300B9F144 /* Assets.xcassets */ = {isa = PBXFileReference; lastKnownFileType = folder.assetcatalog; path = Assets.xcassets; sourceTree = "<group>"; };
		0211259A24A22E3300B9F144 /* Counter.app */ = {isa = PBXFileReference; explicitFileType = wrapper.application; includeInIndex = 0; path = Counter.app; sourceTree = BUILT_PRODUCTS_DIR; };
		0211259D24A22E3300B9F144 /* Info.plist */ = {isa = PBXFileReference; lastKnownFileType = text.plist.xml; path = Info.plist; sourceTree = "<group>"; };
		021125A224A22E3300B9F144 /* Counter.app */ = {isa = PBXFileReference; explicitFileType = wrapper.application; includeInIndex = 0; path = Counter.app; sourceTree = BUILT_PRODUCTS_DIR; };
		021125A424A22E3300B9F144 /* Info.plist */ = {isa = PBXFileReference; lastKnownFileType = text.plist.xml; path = Info.plist; sourceTree = "<group>"; };
		021125A524A22E3300B9F144 /* macOS.entitlements */ = {isa = PBXFileReference; lastKnownFileType = text.plist.entitlements; path = macOS.entitlements; sourceTree = "<group>"; };
		02441C6F24A2350900C9C961 /* WidgetKit.framework */ = {isa = PBXFileReference; lastKnownFileType = wrapper.framework; name = WidgetKit.framework; path = System/Library/Frameworks/WidgetKit.framework; sourceTree = SDKROOT; };
		02441C7124A2350900C9C961 /* SwiftUI.framework */ = {isa = PBXFileReference; lastKnownFileType = wrapper.framework; name = SwiftUI.framework; path = System/Library/Frameworks/SwiftUI.framework; sourceTree = SDKROOT; };
		02441C8B24A236EF00C9C961 /* iOS WidgetExtension.appex */ = {isa = PBXFileReference; explicitFileType = "wrapper.app-extension"; includeInIndex = 0; path = "iOS WidgetExtension.appex"; sourceTree = BUILT_PRODUCTS_DIR; };
		02441C9124A236EF00C9C961 /* Assets.xcassets */ = {isa = PBXFileReference; lastKnownFileType = folder.assetcatalog; path = Assets.xcassets; sourceTree = "<group>"; };
		02441C9324A236EF00C9C961 /* Info.plist */ = {isa = PBXFileReference; lastKnownFileType = text.plist.xml; path = Info.plist; sourceTree = "<group>"; };
		02441C9A24A2371200C9C961 /* iOS_Widget.swift */ = {isa = PBXFileReference; fileEncoding = 4; lastKnownFileType = sourcecode.swift; path = iOS_Widget.swift; sourceTree = "<group>"; };
		02441CA224A23D5D00C9C961 /* Counter.entitlements */ = {isa = PBXFileReference; lastKnownFileType = text.plist.entitlements; path = Counter.entitlements; sourceTree = "<group>"; };
		02441CA324A23DAF00C9C961 /* iOS WidgetExtension.entitlements */ = {isa = PBXFileReference; lastKnownFileType = text.plist.entitlements; path = "iOS WidgetExtension.entitlements"; sourceTree = "<group>"; };
		02CD629625350A3200C0BFC2 /* CountText.swift */ = {isa = PBXFileReference; lastKnownFileType = sourcecode.swift; path = CountText.swift; sourceTree = "<group>"; };
		02CD629A25350AEF00C0BFC2 /* CountUpButton.swift */ = {isa = PBXFileReference; lastKnownFileType = sourcecode.swift; path = CountUpButton.swift; sourceTree = "<group>"; };
		02CD629E25350BBD00C0BFC2 /* CountDownButton.swift */ = {isa = PBXFileReference; lastKnownFileType = sourcecode.swift; path = CountDownButton.swift; sourceTree = "<group>"; };
		02EAF32A24A22EE400221975 /* CounterView.swift */ = {isa = PBXFileReference; lastKnownFileType = sourcecode.swift; path = CounterView.swift; sourceTree = "<group>"; };
/* End PBXFileReference section */

/* Begin PBXFrameworksBuildPhase section */
		0211259724A22E3300B9F144 /* Frameworks */ = {
			isa = PBXFrameworksBuildPhase;
			buildActionMask = 2147483647;
			files = (
			);
			runOnlyForDeploymentPostprocessing = 0;
		};
		0211259F24A22E3300B9F144 /* Frameworks */ = {
			isa = PBXFrameworksBuildPhase;
			buildActionMask = 2147483647;
			files = (
			);
			runOnlyForDeploymentPostprocessing = 0;
		};
		02441C8824A236EF00C9C961 /* Frameworks */ = {
			isa = PBXFrameworksBuildPhase;
			buildActionMask = 2147483647;
			files = (
				02441C8D24A236EF00C9C961 /* SwiftUI.framework in Frameworks */,
				02441C8C24A236EF00C9C961 /* WidgetKit.framework in Frameworks */,
			);
			runOnlyForDeploymentPostprocessing = 0;
		};
/* End PBXFrameworksBuildPhase section */

/* Begin PBXGroup section */
		0211258D24A22E3200B9F144 = {
			isa = PBXGroup;
			children = (
				02441CA324A23DAF00C9C961 /* iOS WidgetExtension.entitlements */,
				0211259224A22E3200B9F144 /* Shared */,
				0211259C24A22E3300B9F144 /* iOS */,
				021125A324A22E3300B9F144 /* macOS */,
				02441C8E24A236EF00C9C961 /* iOS Widget */,
				02441C6E24A2350900C9C961 /* Frameworks */,
				0211259B24A22E3300B9F144 /* Products */,
			);
			sourceTree = "<group>";
		};
		0211259224A22E3200B9F144 /* Shared */ = {
			isa = PBXGroup;
			children = (
				0211259524A22E3300B9F144 /* Assets.xcassets */,
				0211259324A22E3200B9F144 /* CounterApp.swift */,
				02EAF32A24A22EE400221975 /* CounterView.swift */,
				02CD6291253509F600C0BFC2 /* Views */,
			);
			path = Shared;
			sourceTree = "<group>";
		};
		0211259B24A22E3300B9F144 /* Products */ = {
			isa = PBXGroup;
			children = (
				0211259A24A22E3300B9F144 /* Counter.app */,
				021125A224A22E3300B9F144 /* Counter.app */,
				02441C8B24A236EF00C9C961 /* iOS WidgetExtension.appex */,
			);
			name = Products;
			sourceTree = "<group>";
		};
		0211259C24A22E3300B9F144 /* iOS */ = {
			isa = PBXGroup;
			children = (
				02441CA224A23D5D00C9C961 /* Counter.entitlements */,
				0211259D24A22E3300B9F144 /* Info.plist */,
			);
			path = iOS;
			sourceTree = "<group>";
		};
		021125A324A22E3300B9F144 /* macOS */ = {
			isa = PBXGroup;
			children = (
				021125A424A22E3300B9F144 /* Info.plist */,
				021125A524A22E3300B9F144 /* macOS.entitlements */,
			);
			path = macOS;
			sourceTree = "<group>";
		};
		02441C6E24A2350900C9C961 /* Frameworks */ = {
			isa = PBXGroup;
			children = (
				02441C6F24A2350900C9C961 /* WidgetKit.framework */,
				02441C7124A2350900C9C961 /* SwiftUI.framework */,
			);
			name = Frameworks;
			sourceTree = "<group>";
		};
		02441C8E24A236EF00C9C961 /* iOS Widget */ = {
			isa = PBXGroup;
			children = (
				02441C9A24A2371200C9C961 /* iOS_Widget.swift */,
				02441C9124A236EF00C9C961 /* Assets.xcassets */,
				02441C9324A236EF00C9C961 /* Info.plist */,
			);
			path = "iOS Widget";
			sourceTree = "<group>";
		};
		02CD6291253509F600C0BFC2 /* Views */ = {
			isa = PBXGroup;
			children = (
				02CD629625350A3200C0BFC2 /* CountText.swift */,
				02CD629A25350AEF00C0BFC2 /* CountUpButton.swift */,
				02CD629E25350BBD00C0BFC2 /* CountDownButton.swift */,
			);
			path = Views;
			sourceTree = "<group>";
		};
/* End PBXGroup section */

/* Begin PBXNativeTarget section */
		0211259924A22E3300B9F144 /* iOS */ = {
			isa = PBXNativeTarget;
			buildConfigurationList = 021125AE24A22E3300B9F144 /* Build configuration list for PBXNativeTarget "iOS" */;
			buildPhases = (
				0211259624A22E3300B9F144 /* Sources */,
				0211259724A22E3300B9F144 /* Frameworks */,
				0211259824A22E3300B9F144 /* Resources */,
				02441C8224A2350B00C9C961 /* Embed App Extensions */,
			);
			buildRules = (
			);
			dependencies = (
				02441C9524A236EF00C9C961 /* PBXTargetDependency */,
			);
			name = iOS;
			productName = iOS;
			productReference = 0211259A24A22E3300B9F144 /* Counter.app */;
			productType = "com.apple.product-type.application";
		};
		021125A124A22E3300B9F144 /* macOS */ = {
			isa = PBXNativeTarget;
			buildConfigurationList = 021125B124A22E3300B9F144 /* Build configuration list for PBXNativeTarget "macOS" */;
			buildPhases = (
				0211259E24A22E3300B9F144 /* Sources */,
				0211259F24A22E3300B9F144 /* Frameworks */,
				021125A024A22E3300B9F144 /* Resources */,
			);
			buildRules = (
			);
			dependencies = (
			);
			name = macOS;
			productName = macOS;
			productReference = 021125A224A22E3300B9F144 /* Counter.app */;
			productType = "com.apple.product-type.application";
		};
		02441C8A24A236EF00C9C961 /* iOS WidgetExtension */ = {
			isa = PBXNativeTarget;
			buildConfigurationList = 02441C9724A236EF00C9C961 /* Build configuration list for PBXNativeTarget "iOS WidgetExtension" */;
			buildPhases = (
				02441C8724A236EF00C9C961 /* Sources */,
				02441C8824A236EF00C9C961 /* Frameworks */,
				02441C8924A236EF00C9C961 /* Resources */,
			);
			buildRules = (
			);
			dependencies = (
			);
			name = "iOS WidgetExtension";
			productName = "iOS WidgetExtension";
			productReference = 02441C8B24A236EF00C9C961 /* iOS WidgetExtension.appex */;
			productType = "com.apple.product-type.app-extension";
		};
/* End PBXNativeTarget section */

/* Begin PBXProject section */
		0211258E24A22E3200B9F144 /* Project object */ = {
			isa = PBXProject;
			attributes = {
				LastSwiftUpdateCheck = 1200;
				LastUpgradeCheck = 1200;
				TargetAttributes = {
					0211259924A22E3300B9F144 = {
						CreatedOnToolsVersion = 12.0;
					};
					021125A124A22E3300B9F144 = {
						CreatedOnToolsVersion = 12.0;
					};
					02441C8A24A236EF00C9C961 = {
						CreatedOnToolsVersion = 12.0;
					};
				};
			};
			buildConfigurationList = 0211259124A22E3200B9F144 /* Build configuration list for PBXProject "Counter" */;
			compatibilityVersion = "Xcode 9.3";
			developmentRegion = en;
			hasScannedForEncodings = 0;
			knownRegions = (
				en,
				Base,
			);
			mainGroup = 0211258D24A22E3200B9F144;
			productRefGroup = 0211259B24A22E3300B9F144 /* Products */;
			projectDirPath = "";
			projectRoot = "";
			targets = (
				0211259924A22E3300B9F144 /* iOS */,
				021125A124A22E3300B9F144 /* macOS */,
				02441C8A24A236EF00C9C961 /* iOS WidgetExtension */,
			);
		};
/* End PBXProject section */

/* Begin PBXResourcesBuildPhase section */
		0211259824A22E3300B9F144 /* Resources */ = {
			isa = PBXResourcesBuildPhase;
			buildActionMask = 2147483647;
			files = (
				021125AA24A22E3300B9F144 /* Assets.xcassets in Resources */,
			);
			runOnlyForDeploymentPostprocessing = 0;
		};
		021125A024A22E3300B9F144 /* Resources */ = {
			isa = PBXResourcesBuildPhase;
			buildActionMask = 2147483647;
			files = (
				021125AB24A22E3300B9F144 /* Assets.xcassets in Resources */,
			);
			runOnlyForDeploymentPostprocessing = 0;
		};
		02441C8924A236EF00C9C961 /* Resources */ = {
			isa = PBXResourcesBuildPhase;
			buildActionMask = 2147483647;
			files = (
				02441C9224A236EF00C9C961 /* Assets.xcassets in Resources */,
			);
			runOnlyForDeploymentPostprocessing = 0;
		};
/* End PBXResourcesBuildPhase section */

/* Begin PBXSourcesBuildPhase section */
		0211259624A22E3300B9F144 /* Sources */ = {
			isa = PBXSourcesBuildPhase;
			buildActionMask = 2147483647;
			files = (
				02CD629B25350AEF00C0BFC2 /* CountUpButton.swift in Sources */,
				021125A624A22E3300B9F144 /* CounterApp.swift in Sources */,
				02EAF32B24A22EE400221975 /* CounterView.swift in Sources */,
				02CD629725350A3200C0BFC2 /* CountText.swift in Sources */,
				02CD629F25350BBD00C0BFC2 /* CountDownButton.swift in Sources */,
			);
			runOnlyForDeploymentPostprocessing = 0;
		};
		0211259E24A22E3300B9F144 /* Sources */ = {
			isa = PBXSourcesBuildPhase;
			buildActionMask = 2147483647;
			files = (
				02CD629C25350AEF00C0BFC2 /* CountUpButton.swift in Sources */,
				021125A724A22E3300B9F144 /* CounterApp.swift in Sources */,
				02EAF32C24A22EE400221975 /* CounterView.swift in Sources */,
				02CD629825350A3200C0BFC2 /* CountText.swift in Sources */,
				02CD62A025350BBD00C0BFC2 /* CountDownButton.swift in Sources */,
			);
			runOnlyForDeploymentPostprocessing = 0;
		};
		02441C8724A236EF00C9C961 /* Sources */ = {
			isa = PBXSourcesBuildPhase;
			buildActionMask = 2147483647;
			files = (
				02CD629D25350AEF00C0BFC2 /* CountUpButton.swift in Sources */,
				02CD629925350A3200C0BFC2 /* CountText.swift in Sources */,
				02441C9B24A2371200C9C961 /* iOS_Widget.swift in Sources */,
				02CD62A125350BBD00C0BFC2 /* CountDownButton.swift in Sources */,
			);
			runOnlyForDeploymentPostprocessing = 0;
		};
/* End PBXSourcesBuildPhase section */

/* Begin PBXTargetDependency section */
		02441C9524A236EF00C9C961 /* PBXTargetDependency */ = {
			isa = PBXTargetDependency;
			target = 02441C8A24A236EF00C9C961 /* iOS WidgetExtension */;
			targetProxy = 02441C9424A236EF00C9C961 /* PBXContainerItemProxy */;
		};
/* End PBXTargetDependency section */

/* Begin XCBuildConfiguration section */
		021125AC24A22E3300B9F144 /* Debug */ = {
			isa = XCBuildConfiguration;
			buildSettings = {
				ALWAYS_SEARCH_USER_PATHS = NO;
				CLANG_ANALYZER_NONNULL = YES;
				CLANG_ANALYZER_NUMBER_OBJECT_CONVERSION = YES_AGGRESSIVE;
				CLANG_CXX_LANGUAGE_STANDARD = "gnu++14";
				CLANG_CXX_LIBRARY = "libc++";
				CLANG_ENABLE_MODULES = YES;
				CLANG_ENABLE_OBJC_ARC = YES;
				CLANG_ENABLE_OBJC_WEAK = YES;
				CLANG_WARN_BLOCK_CAPTURE_AUTORELEASING = YES;
				CLANG_WARN_BOOL_CONVERSION = YES;
				CLANG_WARN_COMMA = YES;
				CLANG_WARN_CONSTANT_CONVERSION = YES;
				CLANG_WARN_DEPRECATED_OBJC_IMPLEMENTATIONS = YES;
				CLANG_WARN_DIRECT_OBJC_ISA_USAGE = YES_ERROR;
				CLANG_WARN_DOCUMENTATION_COMMENTS = YES;
				CLANG_WARN_EMPTY_BODY = YES;
				CLANG_WARN_ENUM_CONVERSION = YES;
				CLANG_WARN_INFINITE_RECURSION = YES;
				CLANG_WARN_INT_CONVERSION = YES;
				CLANG_WARN_NON_LITERAL_NULL_CONVERSION = YES;
				CLANG_WARN_OBJC_IMPLICIT_RETAIN_SELF = YES;
				CLANG_WARN_OBJC_LITERAL_CONVERSION = YES;
				CLANG_WARN_OBJC_ROOT_CLASS = YES_ERROR;
				CLANG_WARN_QUOTED_INCLUDE_IN_FRAMEWORK_HEADER = YES;
				CLANG_WARN_RANGE_LOOP_ANALYSIS = YES;
				CLANG_WARN_STRICT_PROTOTYPES = YES;
				CLANG_WARN_SUSPICIOUS_MOVE = YES;
				CLANG_WARN_UNGUARDED_AVAILABILITY = YES_AGGRESSIVE;
				CLANG_WARN_UNREACHABLE_CODE = YES;
				CLANG_WARN__DUPLICATE_METHOD_MATCH = YES;
				COPY_PHASE_STRIP = NO;
				DEBUG_INFORMATION_FORMAT = dwarf;
				ENABLE_STRICT_OBJC_MSGSEND = YES;
				ENABLE_TESTABILITY = YES;
				GCC_C_LANGUAGE_STANDARD = gnu11;
				GCC_DYNAMIC_NO_PIC = NO;
				GCC_NO_COMMON_BLOCKS = YES;
				GCC_OPTIMIZATION_LEVEL = 0;
				GCC_PREPROCESSOR_DEFINITIONS = (
					"DEBUG=1",
					"$(inherited)",
				);
				GCC_WARN_64_TO_32_BIT_CONVERSION = YES;
				GCC_WARN_ABOUT_RETURN_TYPE = YES_ERROR;
				GCC_WARN_UNDECLARED_SELECTOR = YES;
				GCC_WARN_UNINITIALIZED_AUTOS = YES_AGGRESSIVE;
				GCC_WARN_UNUSED_FUNCTION = YES;
				GCC_WARN_UNUSED_VARIABLE = YES;
				MTL_ENABLE_DEBUG_INFO = INCLUDE_SOURCE;
				MTL_FAST_MATH = YES;
				ONLY_ACTIVE_ARCH = YES;
				SWIFT_ACTIVE_COMPILATION_CONDITIONS = DEBUG;
				SWIFT_OPTIMIZATION_LEVEL = "-Onone";
			};
			name = Debug;
		};
		021125AD24A22E3300B9F144 /* Release */ = {
			isa = XCBuildConfiguration;
			buildSettings = {
				ALWAYS_SEARCH_USER_PATHS = NO;
				CLANG_ANALYZER_NONNULL = YES;
				CLANG_ANALYZER_NUMBER_OBJECT_CONVERSION = YES_AGGRESSIVE;
				CLANG_CXX_LANGUAGE_STANDARD = "gnu++14";
				CLANG_CXX_LIBRARY = "libc++";
				CLANG_ENABLE_MODULES = YES;
				CLANG_ENABLE_OBJC_ARC = YES;
				CLANG_ENABLE_OBJC_WEAK = YES;
				CLANG_WARN_BLOCK_CAPTURE_AUTORELEASING = YES;
				CLANG_WARN_BOOL_CONVERSION = YES;
				CLANG_WARN_COMMA = YES;
				CLANG_WARN_CONSTANT_CONVERSION = YES;
				CLANG_WARN_DEPRECATED_OBJC_IMPLEMENTATIONS = YES;
				CLANG_WARN_DIRECT_OBJC_ISA_USAGE = YES_ERROR;
				CLANG_WARN_DOCUMENTATION_COMMENTS = YES;
				CLANG_WARN_EMPTY_BODY = YES;
				CLANG_WARN_ENUM_CONVERSION = YES;
				CLANG_WARN_INFINITE_RECURSION = YES;
				CLANG_WARN_INT_CONVERSION = YES;
				CLANG_WARN_NON_LITERAL_NULL_CONVERSION = YES;
				CLANG_WARN_OBJC_IMPLICIT_RETAIN_SELF = YES;
				CLANG_WARN_OBJC_LITERAL_CONVERSION = YES;
				CLANG_WARN_OBJC_ROOT_CLASS = YES_ERROR;
				CLANG_WARN_QUOTED_INCLUDE_IN_FRAMEWORK_HEADER = YES;
				CLANG_WARN_RANGE_LOOP_ANALYSIS = YES;
				CLANG_WARN_STRICT_PROTOTYPES = YES;
				CLANG_WARN_SUSPICIOUS_MOVE = YES;
				CLANG_WARN_UNGUARDED_AVAILABILITY = YES_AGGRESSIVE;
				CLANG_WARN_UNREACHABLE_CODE = YES;
				CLANG_WARN__DUPLICATE_METHOD_MATCH = YES;
				COPY_PHASE_STRIP = NO;
				DEBUG_INFORMATION_FORMAT = "dwarf-with-dsym";
				ENABLE_NS_ASSERTIONS = NO;
				ENABLE_STRICT_OBJC_MSGSEND = YES;
				GCC_C_LANGUAGE_STANDARD = gnu11;
				GCC_NO_COMMON_BLOCKS = YES;
				GCC_WARN_64_TO_32_BIT_CONVERSION = YES;
				GCC_WARN_ABOUT_RETURN_TYPE = YES_ERROR;
				GCC_WARN_UNDECLARED_SELECTOR = YES;
				GCC_WARN_UNINITIALIZED_AUTOS = YES_AGGRESSIVE;
				GCC_WARN_UNUSED_FUNCTION = YES;
				GCC_WARN_UNUSED_VARIABLE = YES;
				MTL_ENABLE_DEBUG_INFO = NO;
				MTL_FAST_MATH = YES;
				SWIFT_COMPILATION_MODE = wholemodule;
				SWIFT_OPTIMIZATION_LEVEL = "-O";
			};
			name = Release;
		};
		021125AF24A22E3300B9F144 /* Debug */ = {
			isa = XCBuildConfiguration;
			buildSettings = {
				ALWAYS_EMBED_SWIFT_STANDARD_LIBRARIES = YES;
				ASSETCATALOG_COMPILER_APPICON_NAME = AppIcon;
				ASSETCATALOG_COMPILER_GLOBAL_ACCENT_COLOR_NAME = AccentColor;
				CODE_SIGN_ENTITLEMENTS = iOS/Counter.entitlements;
				CODE_SIGN_STYLE = Automatic;
				DEVELOPMENT_TEAM = 24MP8L55BY;
				ENABLE_PREVIEWS = YES;
				INFOPLIST_FILE = iOS/Info.plist;
				IPHONEOS_DEPLOYMENT_TARGET = 14.0;
				LD_RUNPATH_SEARCH_PATHS = (
					"$(inherited)",
					"@executable_path/Frameworks",
				);
				PRODUCT_BUNDLE_IDENTIFIER = io.bonney.Counter;
				PRODUCT_NAME = Counter;
				SDKROOT = iphoneos;
				SWIFT_VERSION = 5.0;
				TARGETED_DEVICE_FAMILY = "1,2";
			};
			name = Debug;
		};
		021125B024A22E3300B9F144 /* Release */ = {
			isa = XCBuildConfiguration;
			buildSettings = {
				ALWAYS_EMBED_SWIFT_STANDARD_LIBRARIES = YES;
				ASSETCATALOG_COMPILER_APPICON_NAME = AppIcon;
				ASSETCATALOG_COMPILER_GLOBAL_ACCENT_COLOR_NAME = AccentColor;
				CODE_SIGN_ENTITLEMENTS = iOS/Counter.entitlements;
				CODE_SIGN_STYLE = Automatic;
				DEVELOPMENT_TEAM = 24MP8L55BY;
				ENABLE_PREVIEWS = YES;
				INFOPLIST_FILE = iOS/Info.plist;
				IPHONEOS_DEPLOYMENT_TARGET = 14.0;
				LD_RUNPATH_SEARCH_PATHS = (
					"$(inherited)",
					"@executable_path/Frameworks",
				);
				PRODUCT_BUNDLE_IDENTIFIER = io.bonney.Counter;
				PRODUCT_NAME = Counter;
				SDKROOT = iphoneos;
				SWIFT_VERSION = 5.0;
				TARGETED_DEVICE_FAMILY = "1,2";
				VALIDATE_PRODUCT = YES;
			};
			name = Release;
		};
		021125B224A22E3300B9F144 /* Debug */ = {
			isa = XCBuildConfiguration;
			buildSettings = {
				ASSETCATALOG_COMPILER_APPICON_NAME = AppIcon;
				ASSETCATALOG_COMPILER_GLOBAL_ACCENT_COLOR_NAME = AccentColor;
				CODE_SIGN_ENTITLEMENTS = macOS/macOS.entitlements;
				CODE_SIGN_STYLE = Automatic;
				COMBINE_HIDPI_IMAGES = YES;
				DEVELOPMENT_TEAM = 24MP8L55BY;
				ENABLE_HARDENED_RUNTIME = YES;
				ENABLE_PREVIEWS = YES;
				INFOPLIST_FILE = macOS/Info.plist;
				LD_RUNPATH_SEARCH_PATHS = (
					"$(inherited)",
					"@executable_path/../Frameworks",
				);
				MACOSX_DEPLOYMENT_TARGET = 10.16;
				PRODUCT_BUNDLE_IDENTIFIER = io.bonney.Counter;
				PRODUCT_NAME = Counter;
				SDKROOT = macosx;
				SWIFT_VERSION = 5.0;
			};
			name = Debug;
		};
		021125B324A22E3300B9F144 /* Release */ = {
			isa = XCBuildConfiguration;
			buildSettings = {
				ASSETCATALOG_COMPILER_APPICON_NAME = AppIcon;
				ASSETCATALOG_COMPILER_GLOBAL_ACCENT_COLOR_NAME = AccentColor;
				CODE_SIGN_ENTITLEMENTS = macOS/macOS.entitlements;
				CODE_SIGN_STYLE = Automatic;
				COMBINE_HIDPI_IMAGES = YES;
				DEVELOPMENT_TEAM = 24MP8L55BY;
				ENABLE_HARDENED_RUNTIME = YES;
				ENABLE_PREVIEWS = YES;
				INFOPLIST_FILE = macOS/Info.plist;
				LD_RUNPATH_SEARCH_PATHS = (
					"$(inherited)",
					"@executable_path/../Frameworks",
				);
				MACOSX_DEPLOYMENT_TARGET = 10.16;
				PRODUCT_BUNDLE_IDENTIFIER = io.bonney.Counter;
				PRODUCT_NAME = Counter;
				SDKROOT = macosx;
				SWIFT_VERSION = 5.0;
			};
			name = Release;
		};
		02441C9824A236EF00C9C961 /* Debug */ = {
			isa = XCBuildConfiguration;
			buildSettings = {
				ASSETCATALOG_COMPILER_GLOBAL_ACCENT_COLOR_NAME = AccentColor;
				ASSETCATALOG_COMPILER_WIDGET_BACKGROUND_COLOR_NAME = WidgetBackground;
				CODE_SIGN_ENTITLEMENTS = "iOS WidgetExtension.entitlements";
				CODE_SIGN_STYLE = Automatic;
				DEVELOPMENT_TEAM = 24MP8L55BY;
				INFOPLIST_FILE = "iOS Widget/Info.plist";
				IPHONEOS_DEPLOYMENT_TARGET = 14.0;
				LD_RUNPATH_SEARCH_PATHS = (
					"$(inherited)",
					"@executable_path/Frameworks",
					"@executable_path/../../Frameworks",
				);
				PRODUCT_BUNDLE_IDENTIFIER = "io.bonney.Counter.iOS-Widget";
				PRODUCT_NAME = "$(TARGET_NAME)";
				SDKROOT = iphoneos;
				SKIP_INSTALL = YES;
				SWIFT_VERSION = 5.0;
				TARGETED_DEVICE_FAMILY = "1,2";
			};
			name = Debug;
		};
		02441C9924A236EF00C9C961 /* Release */ = {
			isa = XCBuildConfiguration;
			buildSettings = {
				ASSETCATALOG_COMPILER_GLOBAL_ACCENT_COLOR_NAME = AccentColor;
				ASSETCATALOG_COMPILER_WIDGET_BACKGROUND_COLOR_NAME = WidgetBackground;
				CODE_SIGN_ENTITLEMENTS = "iOS WidgetExtension.entitlements";
				CODE_SIGN_STYLE = Automatic;
				DEVELOPMENT_TEAM = 24MP8L55BY;
				INFOPLIST_FILE = "iOS Widget/Info.plist";
				IPHONEOS_DEPLOYMENT_TARGET = 14.0;
				LD_RUNPATH_SEARCH_PATHS = (
					"$(inherited)",
					"@executable_path/Frameworks",
					"@executable_path/../../Frameworks",
				);
				PRODUCT_BUNDLE_IDENTIFIER = "io.bonney.Counter.iOS-Widget";
				PRODUCT_NAME = "$(TARGET_NAME)";
				SDKROOT = iphoneos;
				SKIP_INSTALL = YES;
				SWIFT_VERSION = 5.0;
				TARGETED_DEVICE_FAMILY = "1,2";
				VALIDATE_PRODUCT = YES;
			};
			name = Release;
		};
/* End XCBuildConfiguration section */

/* Begin XCConfigurationList section */
		0211259124A22E3200B9F144 /* Build configuration list for PBXProject "Counter" */ = {
			isa = XCConfigurationList;
			buildConfigurations = (
				021125AC24A22E3300B9F144 /* Debug */,
				021125AD24A22E3300B9F144 /* Release */,
			);
			defaultConfigurationIsVisible = 0;
			defaultConfigurationName = Release;
		};
		021125AE24A22E3300B9F144 /* Build configuration list for PBXNativeTarget "iOS" */ = {
			isa = XCConfigurationList;
			buildConfigurations = (
				021125AF24A22E3300B9F144 /* Debug */,
				021125B024A22E3300B9F144 /* Release */,
			);
			defaultConfigurationIsVisible = 0;
			defaultConfigurationName = Release;
		};
		021125B124A22E3300B9F144 /* Build configuration list for PBXNativeTarget "macOS" */ = {
			isa = XCConfigurationList;
			buildConfigurations = (
				021125B224A22E3300B9F144 /* Debug */,
				021125B324A22E3300B9F144 /* Release */,
			);
			defaultConfigurationIsVisible = 0;
			defaultConfigurationName = Release;
		};
		02441C9724A236EF00C9C961 /* Build configuration list for PBXNativeTarget "iOS WidgetExtension" */ = {
			isa = XCConfigurationList;
			buildConfigurations = (
				02441C9824A236EF00C9C961 /* Debug */,
				02441C9924A236EF00C9C961 /* Release */,
			);
			defaultConfigurationIsVisible = 0;
			defaultConfigurationName = Release;
		};
/* End XCConfigurationList section */
	};
	rootObject = 0211258E24A22E3200B9F144 /* Project object */;
}
